
Microsoft Visual Studio Solution File, Format Version 12.00
# Visual Studio Version 17
VisualStudioVersion = 17.11.35219.272
MinimumVisualStudioVersion = 10.0.40219.1
Project("{FAE04EC0-301F-11D3-BF4B-00C04F79EFBC}") = "CSharp_Selenium", "CSharp_Selenium\CSharp_Selenium.csproj", "{195ECC80-4EAA-4CA7-8DBC-B06FE77E5364}"
EndProject
Global
	GlobalSection(SolutionConfigurationPlatforms) = preSolution
		Debug|Any CPU = Debug|Any CPU
		Release|Any CPU = Release|Any CPU
	EndGlobalSection
	GlobalSection(ProjectConfigurationPlatforms) = postSolution
		{195ECC80-4EAA-4CA7-8DBC-B06FE77E5364}.Debug|Any CPU.ActiveCfg = Debug|Any CPU
		{195ECC80-4EAA-4CA7-8DBC-B06FE77E5364}.Debug|Any CPU.Build.0 = Debug|Any CPU
		{195ECC80-4EAA-4CA7-8DBC-B06FE77E5364}.Release|Any CPU.ActiveCfg = Release|Any CPU
		{195ECC80-4EAA-4CA7-8DBC-B06FE77E5364}.Release|Any CPU.Build.0 = Release|Any CPU
	EndGlobalSection
	GlobalSection(SolutionProperties) = preSolution
		HideSolutionNode = FALSE
	EndGlobalSection
	GlobalSection(ExtensibilityGlobals) = postSolution
		SolutionGuid = {5BA257FC-5A2D-49B1-8864-53A7D7317693}
	EndGlobalSection
EndGlobal
